
Microsoft Visual Studio Solution File, Format Version 12.00
# Visual Studio Version 16
VisualStudioVersion = 16.0.30621.155
MinimumVisualStudioVersion = 10.0.40219.1
Project("{FAE04EC0-301F-11D3-BF4B-00C04F79EFBC}") = "SandboxBlazorGit", "SandboxBlazorGit\SandboxBlazorGit.csproj", "{03CB74D2-4D99-4C4E-BF24-03D651BE43E3}"
EndProject
Global
	GlobalSection(SolutionConfigurationPlatforms) = preSolution
		Debug|Any CPU = Debug|Any CPU
		Release|Any CPU = Release|Any CPU
	EndGlobalSection
	GlobalSection(ProjectConfigurationPlatforms) = postSolution
		{03CB74D2-4D99-4C4E-BF24-03D651BE43E3}.Debug|Any CPU.ActiveCfg = Debug|Any CPU
		{03CB74D2-4D99-4C4E-BF24-03D651BE43E3}.Debug|Any CPU.Build.0 = Debug|Any CPU
		{03CB74D2-4D99-4C4E-BF24-03D651BE43E3}.Release|Any CPU.ActiveCfg = Release|Any CPU
		{03CB74D2-4D99-4C4E-BF24-03D651BE43E3}.Release|Any CPU.Build.0 = Release|Any CPU
	EndGlobalSection
	GlobalSection(SolutionProperties) = preSolution
		HideSolutionNode = FALSE
	EndGlobalSection
	GlobalSection(ExtensibilityGlobals) = postSolution
		SolutionGuid = {3A73A36D-71D6-476B-8A6A-D6FE0346876B}
	EndGlobalSection
EndGlobal
